// !$*UTF8*$!
{
	archiveVersion = 1;
	classes = {
	};
	objectVersion = 50;
	objects = {

/* Begin PBXBuildFile section */
		C53BADAC2148D2A900644F86 /* AppDelegate.swift in Sources */ = {isa = PBXBuildFile; fileRef = C53BADAB2148D2A900644F86 /* AppDelegate.swift */; };
		C53BADAE2148D2A900644F86 /* ViewController.swift in Sources */ = {isa = PBXBuildFile; fileRef = C53BADAD2148D2A900644F86 /* ViewController.swift */; };
		C53BADB12148D2A900644F86 /* Main.storyboard in Resources */ = {isa = PBXBuildFile; fileRef = C53BADAF2148D2A900644F86 /* Main.storyboard */; };
		C53BADB32148D2AA00644F86 /* Assets.xcassets in Resources */ = {isa = PBXBuildFile; fileRef = C53BADB22148D2AA00644F86 /* Assets.xcassets */; };
		C53BADB62148D2AA00644F86 /* LaunchScreen.storyboard in Resources */ = {isa = PBXBuildFile; fileRef = C53BADB42148D2AA00644F86 /* LaunchScreen.storyboard */; };
		C53BADC42148D5C200644F86 /* PINRemoteImage.framework in Frameworks */ = {isa = PBXBuildFile; fileRef = C53BADC02148D5C200644F86 /* PINRemoteImage.framework */; };
		C53BADC52148D5C200644F86 /* AsyncDisplayKit.framework in Frameworks */ = {isa = PBXBuildFile; fileRef = C53BADC12148D5C200644F86 /* AsyncDisplayKit.framework */; };
		C53BADC62148D5C200644F86 /* PINCache.framework in Frameworks */ = {isa = PBXBuildFile; fileRef = C53BADC22148D5C200644F86 /* PINCache.framework */; };
		C53BADC72148D5C200644F86 /* PINOperation.framework in Frameworks */ = {isa = PBXBuildFile; fileRef = C53BADC32148D5C200644F86 /* PINOperation.framework */; };
/* End PBXBuildFile section */

/* Begin PBXFileReference section */
		C53BADA82148D2A900644F86 /* OreCon-2018-Summer-Sample.app */ = {isa = PBXFileReference; explicitFileType = wrapper.application; includeInIndex = 0; path = "OreCon-2018-Summer-Sample.app"; sourceTree = BUILT_PRODUCTS_DIR; };
		C53BADAB2148D2A900644F86 /* AppDelegate.swift */ = {isa = PBXFileReference; lastKnownFileType = sourcecode.swift; path = AppDelegate.swift; sourceTree = "<group>"; };
		C53BADAD2148D2A900644F86 /* ViewController.swift */ = {isa = PBXFileReference; lastKnownFileType = sourcecode.swift; path = ViewController.swift; sourceTree = "<group>"; };
		C53BADB02148D2A900644F86 /* Base */ = {isa = PBXFileReference; lastKnownFileType = file.storyboard; name = Base; path = Base.lproj/Main.storyboard; sourceTree = "<group>"; };
		C53BADB22148D2AA00644F86 /* Assets.xcassets */ = {isa = PBXFileReference; lastKnownFileType = folder.assetcatalog; path = Assets.xcassets; sourceTree = "<group>"; };
		C53BADB52148D2AA00644F86 /* Base */ = {isa = PBXFileReference; lastKnownFileType = file.storyboard; name = Base; path = Base.lproj/LaunchScreen.storyboard; sourceTree = "<group>"; };
		C53BADB72148D2AA00644F86 /* Info.plist */ = {isa = PBXFileReference; lastKnownFileType = text.plist.xml; path = Info.plist; sourceTree = "<group>"; };
		C53BADC02148D5C200644F86 /* PINRemoteImage.framework */ = {isa = PBXFileReference; lastKnownFileType = wrapper.framework; name = PINRemoteImage.framework; path = Carthage/Build/iOS/PINRemoteImage.framework; sourceTree = "<group>"; };
		C53BADC12148D5C200644F86 /* AsyncDisplayKit.framework */ = {isa = PBXFileReference; lastKnownFileType = wrapper.framework; name = AsyncDisplayKit.framework; path = Carthage/Build/iOS/AsyncDisplayKit.framework; sourceTree = "<group>"; };
		C53BADC22148D5C200644F86 /* PINCache.framework */ = {isa = PBXFileReference; lastKnownFileType = wrapper.framework; name = PINCache.framework; path = Carthage/Build/iOS/PINCache.framework; sourceTree = "<group>"; };
		C53BADC32148D5C200644F86 /* PINOperation.framework */ = {isa = PBXFileReference; lastKnownFileType = wrapper.framework; name = PINOperation.framework; path = Carthage/Build/iOS/PINOperation.framework; sourceTree = "<group>"; };
/* End PBXFileReference section */

/* Begin PBXFrameworksBuildPhase section */
		C53BADA52148D2A900644F86 /* Frameworks */ = {
			isa = PBXFrameworksBuildPhase;
			buildActionMask = 2147483647;
			files = (
				C53BADC42148D5C200644F86 /* PINRemoteImage.framework in Frameworks */,
				C53BADC52148D5C200644F86 /* AsyncDisplayKit.framework in Frameworks */,
				C53BADC62148D5C200644F86 /* PINCache.framework in Frameworks */,
				C53BADC72148D5C200644F86 /* PINOperation.framework in Frameworks */,
			);
			runOnlyForDeploymentPostprocessing = 0;
		};
/* End PBXFrameworksBuildPhase section */

/* Begin PBXGroup section */
		C53BAD9F2148D2A900644F86 = {
			isa = PBXGroup;
			children = (
				C53BADAA2148D2A900644F86 /* OreCon-2018-Summer-Sample */,
				C53BADA92148D2A900644F86 /* Products */,
				C53BADBF2148D5C100644F86 /* Frameworks */,
			);
			sourceTree = "<group>";
		};
		C53BADA92148D2A900644F86 /* Products */ = {
			isa = PBXGroup;
			children = (
				C53BADA82148D2A900644F86 /* OreCon-2018-Summer-Sample.app */,
			);
			name = Products;
			sourceTree = "<group>";
		};
		C53BADAA2148D2A900644F86 /* OreCon-2018-Summer-Sample */ = {
			isa = PBXGroup;
			children = (
				C53BADAB2148D2A900644F86 /* AppDelegate.swift */,
				C53BADAD2148D2A900644F86 /* ViewController.swift */,
				C53BADAF2148D2A900644F86 /* Main.storyboard */,
				C53BADB22148D2AA00644F86 /* Assets.xcassets */,
				C53BADB42148D2AA00644F86 /* LaunchScreen.storyboard */,
				C53BADB72148D2AA00644F86 /* Info.plist */,
			);
			path = "OreCon-2018-Summer-Sample";
			sourceTree = "<group>";
		};
		C53BADBF2148D5C100644F86 /* Frameworks */ = {
			isa = PBXGroup;
			children = (
				C53BADC12148D5C200644F86 /* AsyncDisplayKit.framework */,
				C53BADC22148D5C200644F86 /* PINCache.framework */,
				C53BADC32148D5C200644F86 /* PINOperation.framework */,
				C53BADC02148D5C200644F86 /* PINRemoteImage.framework */,
			);
			name = Frameworks;
			sourceTree = "<group>";
		};
/* End PBXGroup section */

/* Begin PBXNativeTarget section */
		C53BADA72148D2A900644F86 /* OreCon-2018-Summer-Sample */ = {
			isa = PBXNativeTarget;
			buildConfigurationList = C53BADBA2148D2AA00644F86 /* Build configuration list for PBXNativeTarget "OreCon-2018-Summer-Sample" */;
			buildPhases = (
				C53BADA42148D2A900644F86 /* Sources */,
				C53BADA52148D2A900644F86 /* Frameworks */,
				C53BADA62148D2A900644F86 /* Resources */,
				C53BADC82148D5CA00644F86 /* Carthage */,
			);
			buildRules = (
			);
			dependencies = (
			);
			name = "OreCon-2018-Summer-Sample";
			productName = "OreCon-2018-Summer-Sample";
			productReference = C53BADA82148D2A900644F86 /* OreCon-2018-Summer-Sample.app */;
			productType = "com.apple.product-type.application";
		};
/* End PBXNativeTarget section */

/* Begin PBXProject section */
		C53BADA02148D2A900644F86 /* Project object */ = {
			isa = PBXProject;
			attributes = {
				LastSwiftUpdateCheck = 0940;
				LastUpgradeCheck = 0940;
				ORGANIZATIONNAME = "Fumito Ito";
				TargetAttributes = {
					C53BADA72148D2A900644F86 = {
						CreatedOnToolsVersion = 9.4.1;
					};
				};
			};
			buildConfigurationList = C53BADA32148D2A900644F86 /* Build configuration list for PBXProject "OreCon-2018-Summer-Sample" */;
			compatibilityVersion = "Xcode 9.3";
			developmentRegion = en;
			hasScannedForEncodings = 0;
			knownRegions = (
				en,
				Base,
			);
			mainGroup = C53BAD9F2148D2A900644F86;
			productRefGroup = C53BADA92148D2A900644F86 /* Products */;
			projectDirPath = "";
			projectRoot = "";
			targets = (
				C53BADA72148D2A900644F86 /* OreCon-2018-Summer-Sample */,
			);
		};
/* End PBXProject section */

/* Begin PBXResourcesBuildPhase section */
		C53BADA62148D2A900644F86 /* Resources */ = {
			isa = PBXResourcesBuildPhase;
			buildActionMask = 2147483647;
			files = (
				C53BADB62148D2AA00644F86 /* LaunchScreen.storyboard in Resources */,
				C53BADB32148D2AA00644F86 /* Assets.xcassets in Resources */,
				C53BADB12148D2A900644F86 /* Main.storyboard in Resources */,
			);
			runOnlyForDeploymentPostprocessing = 0;
		};
/* End PBXResourcesBuildPhase section */

/* Begin PBXShellScriptBuildPhase section */
		C53BADC82148D5CA00644F86 /* Carthage */ = {
			isa = PBXShellScriptBuildPhase;
			buildActionMask = 2147483647;
			files = (
			);
			inputPaths = (
				"$(SRCROOT)/Carthage/Build/iOS/PINCache.framework",
				"$(SRCROOT)/Carthage/Build/iOS/PINOperation.framework",
				"$(SRCROOT)/Carthage/Build/iOS/PINRemoteImage.framework",
				"$(SRCROOT)/Carthage/Build/iOS/AsyncDisplayKit.framework",
			);
			name = Carthage;
			outputPaths = (
			);
			runOnlyForDeploymentPostprocessing = 0;
			shellPath = /bin/sh;
			shellScript = "/usr/local/bin/carthage copy-frameworks";
		};
/* End PBXShellScriptBuildPhase section */
/* Begin PBXSourcesBuildPhase section */
		C53BADA42148D2A900644F86 /* Sources */ = {
			isa = PBXSourcesBuildPhase;
			buildActionMask = 2147483647;
			files = (
				C53BADAE2148D2A900644F86 /* ViewController.swift in Sources */,
				C53BADAC2148D2A900644F86 /* AppDelegate.swift in Sources */,
			);
			runOnlyForDeploymentPostprocessing = 0;
		};
/* End PBXSourcesBuildPhase section */

/* Begin PBXVariantGroup section */
		C53BADAF2148D2A900644F86 /* Main.storyboard */ = {
			isa = PBXVariantGroup;
			children = (
				C53BADB02148D2A900644F86 /* Base */,
			);
			name = Main.storyboard;
			sourceTree = "<group>";
		};
		C53BADB42148D2AA00644F86 /* LaunchScreen.storyboard */ = {
			isa = PBXVariantGroup;
			children = (
				C53BADB52148D2AA00644F86 /* Base */,
			);
			name = LaunchScreen.storyboard;
			sourceTree = "<group>";
		};
/* End PBXVariantGroup section */

/* Begin XCBuildConfiguration section */
		C53BADB82148D2AA00644F86 /* Debug */ = {
			isa = XCBuildConfiguration;
			buildSettings = {
				ALWAYS_SEARCH_USER_PATHS = NO;
				CLANG_ANALYZER_NONNULL = YES;
				CLANG_ANALYZER_NUMBER_OBJECT_CONVERSION = YES_AGGRESSIVE;
				CLANG_CXX_LANGUAGE_STANDARD = "gnu++14";
				CLANG_CXX_LIBRARY = "libc++";
				CLANG_ENABLE_MODULES = YES;
				CLANG_ENABLE_OBJC_ARC = YES;
				CLANG_ENABLE_OBJC_WEAK = YES;
				CLANG_WARN_BLOCK_CAPTURE_AUTORELEASING = YES;
				CLANG_WARN_BOOL_CONVERSION = YES;
				CLANG_WARN_COMMA = YES;
				CLANG_WARN_CONSTANT_CONVERSION = YES;
				CLANG_WARN_DEPRECATED_OBJC_IMPLEMENTATIONS = YES;
				CLANG_WARN_DIRECT_OBJC_ISA_USAGE = YES_ERROR;
				CLANG_WARN_DOCUMENTATION_COMMENTS = YES;
				CLANG_WARN_EMPTY_BODY = YES;
				CLANG_WARN_ENUM_CONVERSION = YES;
				CLANG_WARN_INFINITE_RECURSION = YES;
				CLANG_WARN_INT_CONVERSION = YES;
				CLANG_WARN_NON_LITERAL_NULL_CONVERSION = YES;
				CLANG_WARN_OBJC_IMPLICIT_RETAIN_SELF = YES;
				CLANG_WARN_OBJC_LITERAL_CONVERSION = YES;
				CLANG_WARN_OBJC_ROOT_CLASS = YES_ERROR;
				CLANG_WARN_RANGE_LOOP_ANALYSIS = YES;
				CLANG_WARN_STRICT_PROTOTYPES = YES;
				CLANG_WARN_SUSPICIOUS_MOVE = YES;
				CLANG_WARN_UNGUARDED_AVAILABILITY = YES_AGGRESSIVE;
				CLANG_WARN_UNREACHABLE_CODE = YES;
				CLANG_WARN__DUPLICATE_METHOD_MATCH = YES;
				CODE_SIGN_IDENTITY = "iPhone Developer";
				COPY_PHASE_STRIP = NO;
				DEBUG_INFORMATION_FORMAT = dwarf;
				ENABLE_STRICT_OBJC_MSGSEND = YES;
				ENABLE_TESTABILITY = YES;
				GCC_C_LANGUAGE_STANDARD = gnu11;
				GCC_DYNAMIC_NO_PIC = NO;
				GCC_NO_COMMON_BLOCKS = YES;
				GCC_OPTIMIZATION_LEVEL = 0;
				GCC_PREPROCESSOR_DEFINITIONS = (
					"DEBUG=1",
					"$(inherited)",
				);
				GCC_WARN_64_TO_32_BIT_CONVERSION = YES;
				GCC_WARN_ABOUT_RETURN_TYPE = YES_ERROR;
				GCC_WARN_UNDECLARED_SELECTOR = YES;
				GCC_WARN_UNINITIALIZED_AUTOS = YES_AGGRESSIVE;
				GCC_WARN_UNUSED_FUNCTION = YES;
				GCC_WARN_UNUSED_VARIABLE = YES;
				IPHONEOS_DEPLOYMENT_TARGET = 11.4;
				MTL_ENABLE_DEBUG_INFO = YES;
				ONLY_ACTIVE_ARCH = YES;
				SDKROOT = iphoneos;
				SWIFT_ACTIVE_COMPILATION_CONDITIONS = DEBUG;
				SWIFT_OPTIMIZATION_LEVEL = "-Onone";
			};
			name = Debug;
		};
		C53BADB92148D2AA00644F86 /* Release */ = {
			isa = XCBuildConfiguration;
			buildSettings = {
				ALWAYS_SEARCH_USER_PATHS = NO;
				CLANG_ANALYZER_NONNULL = YES;
				CLANG_ANALYZER_NUMBER_OBJECT_CONVERSION = YES_AGGRESSIVE;
				CLANG_CXX_LANGUAGE_STANDARD = "gnu++14";
				CLANG_CXX_LIBRARY = "libc++";
				CLANG_ENABLE_MODULES = YES;
				CLANG_ENABLE_OBJC_ARC = YES;
				CLANG_ENABLE_OBJC_WEAK = YES;
				CLANG_WARN_BLOCK_CAPTURE_AUTORELEASING = YES;
				CLANG_WARN_BOOL_CONVERSION = YES;
				CLANG_WARN_COMMA = YES;
				CLANG_WARN_CONSTANT_CONVERSION = YES;
				CLANG_WARN_DEPRECATED_OBJC_IMPLEMENTATIONS = YES;
				CLANG_WARN_DIRECT_OBJC_ISA_USAGE = YES_ERROR;
				CLANG_WARN_DOCUMENTATION_COMMENTS = YES;
				CLANG_WARN_EMPTY_BODY = YES;
				CLANG_WARN_ENUM_CONVERSION = YES;
				CLANG_WARN_INFINITE_RECURSION = YES;
				CLANG_WARN_INT_CONVERSION = YES;
				CLANG_WARN_NON_LITERAL_NULL_CONVERSION = YES;
				CLANG_WARN_OBJC_IMPLICIT_RETAIN_SELF = YES;
				CLANG_WARN_OBJC_LITERAL_CONVERSION = YES;
				CLANG_WARN_OBJC_ROOT_CLASS = YES_ERROR;
				CLANG_WARN_RANGE_LOOP_ANALYSIS = YES;
				CLANG_WARN_STRICT_PROTOTYPES = YES;
				CLANG_WARN_SUSPICIOUS_MOVE = YES;
				CLANG_WARN_UNGUARDED_AVAILABILITY = YES_AGGRESSIVE;
				CLANG_WARN_UNREACHABLE_CODE = YES;
				CLANG_WARN__DUPLICATE_METHOD_MATCH = YES;
				CODE_SIGN_IDENTITY = "iPhone Developer";
				COPY_PHASE_STRIP = NO;
				DEBUG_INFORMATION_FORMAT = "dwarf-with-dsym";
				ENABLE_NS_ASSERTIONS = NO;
				ENABLE_STRICT_OBJC_MSGSEND = YES;
				GCC_C_LANGUAGE_STANDARD = gnu11;
				GCC_NO_COMMON_BLOCKS = YES;
				GCC_WARN_64_TO_32_BIT_CONVERSION = YES;
				GCC_WARN_ABOUT_RETURN_TYPE = YES_ERROR;
				GCC_WARN_UNDECLARED_SELECTOR = YES;
				GCC_WARN_UNINITIALIZED_AUTOS = YES_AGGRESSIVE;
				GCC_WARN_UNUSED_FUNCTION = YES;
				GCC_WARN_UNUSED_VARIABLE = YES;
				IPHONEOS_DEPLOYMENT_TARGET = 11.4;
				MTL_ENABLE_DEBUG_INFO = NO;
				SDKROOT = iphoneos;
				SWIFT_COMPILATION_MODE = wholemodule;
				SWIFT_OPTIMIZATION_LEVEL = "-O";
				VALIDATE_PRODUCT = YES;
			};
			name = Release;
		};
		C53BADBB2148D2AA00644F86 /* Debug */ = {
			isa = XCBuildConfiguration;
			buildSettings = {
				ASSETCATALOG_COMPILER_APPICON_NAME = AppIcon;
				CODE_SIGN_STYLE = Automatic;
				DEVELOPMENT_TEAM = K489QY5CFD;
				FRAMEWORK_SEARCH_PATHS = (
					"$(inherited)",
					"$(PROJECT_DIR)/Carthage/Build/iOS",
				);
				INFOPLIST_FILE = "OreCon-2018-Summer-Sample/Info.plist";
				LD_RUNPATH_SEARCH_PATHS = (
					"$(inherited)",
					"@executable_path/Frameworks",
				);
				PRODUCT_BUNDLE_IDENTIFIER = "com.github.fumitoito.OreCon-2018-Summer-Sample";
				PRODUCT_NAME = "$(TARGET_NAME)";
				SWIFT_VERSION = 4.0;
				TARGETED_DEVICE_FAMILY = "1,2";
			};
			name = Debug;
		};
		C53BADBC2148D2AA00644F86 /* Release */ = {
			isa = XCBuildConfiguration;
			buildSettings = {
				ASSETCATALOG_COMPILER_APPICON_NAME = AppIcon;
				CODE_SIGN_STYLE = Automatic;
				DEVELOPMENT_TEAM = K489QY5CFD;
				FRAMEWORK_SEARCH_PATHS = (
					"$(inherited)",
					"$(PROJECT_DIR)/Carthage/Build/iOS",
				);
				INFOPLIST_FILE = "OreCon-2018-Summer-Sample/Info.plist";
				LD_RUNPATH_SEARCH_PATHS = (
					"$(inherited)",
					"@executable_path/Frameworks",
				);
				PRODUCT_BUNDLE_IDENTIFIER = "com.github.fumitoito.OreCon-2018-Summer-Sample";
				PRODUCT_NAME = "$(TARGET_NAME)";
				SWIFT_VERSION = 4.0;
				TARGETED_DEVICE_FAMILY = "1,2";
			};
			name = Release;
		};
/* End XCBuildConfiguration section */

/* Begin XCConfigurationList section */
		C53BADA32148D2A900644F86 /* Build configuration list for PBXProject "OreCon-2018-Summer-Sample" */ = {
			isa = XCConfigurationList;
			buildConfigurations = (
				C53BADB82148D2AA00644F86 /* Debug */,
				C53BADB92148D2AA00644F86 /* Release */,
			);
			defaultConfigurationIsVisible = 0;
			defaultConfigurationName = Release;
		};
		C53BADBA2148D2AA00644F86 /* Build configuration list for PBXNativeTarget "OreCon-2018-Summer-Sample" */ = {
			isa = XCConfigurationList;
			buildConfigurations = (
				C53BADBB2148D2AA00644F86 /* Debug */,
				C53BADBC2148D2AA00644F86 /* Release */,
			);
			defaultConfigurationIsVisible = 0;
			defaultConfigurationName = Release;
		};
/* End XCConfigurationList section */
	};
	rootObject = C53BADA02148D2A900644F86 /* Project object */;
}
